// !$*UTF8*$!
{
	archiveVersion = 1;
	classes = {
	};
	objectVersion = 56;
	objects = {

/* Begin PBXBuildFile section */
		E8CA83AE295BF406009EB626 /* AppDelegate.m in Sources */ = {isa = PBXBuildFile; fileRef = E8CA83AD295BF406009EB626 /* AppDelegate.m */; };
		E8CA83B1295BF406009EB626 /* SceneDelegate.m in Sources */ = {isa = PBXBuildFile; fileRef = E8CA83B0295BF406009EB626 /* SceneDelegate.m */; };
		E8CA83B4295BF406009EB626 /* SingularityViewController.m in Sources */ = {isa = PBXBuildFile; fileRef = E8CA83B3295BF406009EB626 /* SingularityViewController.m */; };
		E8CA83B7295BF406009EB626 /* Main.storyboard in Resources */ = {isa = PBXBuildFile; fileRef = E8CA83B5295BF406009EB626 /* Main.storyboard */; };
		E8CA83B9295BF407009EB626 /* Assets.xcassets in Resources */ = {isa = PBXBuildFile; fileRef = E8CA83B8295BF407009EB626 /* Assets.xcassets */; };
		E8CA83BC295BF407009EB626 /* LaunchScreen.storyboard in Resources */ = {isa = PBXBuildFile; fileRef = E8CA83BA295BF407009EB626 /* LaunchScreen.storyboard */; };
		E8CA83BF295BF407009EB626 /* main.m in Sources */ = {isa = PBXBuildFile; fileRef = E8CA83BE295BF407009EB626 /* main.m */; };
		F5C59C697D626AF67191A301 /* Pods_SingularityObjCSample.framework in Frameworks */ = {isa = PBXBuildFile; fileRef = B0CD3A2241BFEDD239F7FD0C /* Pods_SingularityObjCSample.framework */; };
/* End PBXBuildFile section */

/* Begin PBXFileReference section */
		807594ABD474D47482DC5C69 /* Pods-SingularityObjCSample.debug.xcconfig */ = {isa = PBXFileReference; includeInIndex = 1; lastKnownFileType = text.xcconfig; name = "Pods-SingularityObjCSample.debug.xcconfig"; path = "Target Support Files/Pods-SingularityObjCSample/Pods-SingularityObjCSample.debug.xcconfig"; sourceTree = "<group>"; };
		B0CD3A2241BFEDD239F7FD0C /* Pods_SingularityObjCSample.framework */ = {isa = PBXFileReference; explicitFileType = wrapper.framework; includeInIndex = 0; path = Pods_SingularityObjCSample.framework; sourceTree = BUILT_PRODUCTS_DIR; };
		CB4993E9314850B6C6F22104 /* Pods-SingularityObjCSample.release.xcconfig */ = {isa = PBXFileReference; includeInIndex = 1; lastKnownFileType = text.xcconfig; name = "Pods-SingularityObjCSample.release.xcconfig"; path = "Target Support Files/Pods-SingularityObjCSample/Pods-SingularityObjCSample.release.xcconfig"; sourceTree = "<group>"; };
		E893D5CC295BFB1B00CAC55C /* SingularityKit.framework */ = {isa = PBXFileReference; explicitFileType = wrapper.framework; path = SingularityKit.framework; sourceTree = BUILT_PRODUCTS_DIR; };
		E8CA83A9295BF406009EB626 /* SingularityObjCSample.app */ = {isa = PBXFileReference; explicitFileType = wrapper.application; includeInIndex = 0; path = SingularityObjCSample.app; sourceTree = BUILT_PRODUCTS_DIR; };
		E8CA83AC295BF406009EB626 /* AppDelegate.h */ = {isa = PBXFileReference; lastKnownFileType = sourcecode.c.h; path = AppDelegate.h; sourceTree = "<group>"; };
		E8CA83AD295BF406009EB626 /* AppDelegate.m */ = {isa = PBXFileReference; lastKnownFileType = sourcecode.c.objc; path = AppDelegate.m; sourceTree = "<group>"; };
		E8CA83AF295BF406009EB626 /* SceneDelegate.h */ = {isa = PBXFileReference; lastKnownFileType = sourcecode.c.h; path = SceneDelegate.h; sourceTree = "<group>"; };
		E8CA83B0295BF406009EB626 /* SceneDelegate.m */ = {isa = PBXFileReference; lastKnownFileType = sourcecode.c.objc; path = SceneDelegate.m; sourceTree = "<group>"; };
		E8CA83B2295BF406009EB626 /* SingularityViewController.h */ = {isa = PBXFileReference; lastKnownFileType = sourcecode.c.h; path = SingularityViewController.h; sourceTree = "<group>"; };
		E8CA83B3295BF406009EB626 /* SingularityViewController.m */ = {isa = PBXFileReference; lastKnownFileType = sourcecode.c.objc; path = SingularityViewController.m; sourceTree = "<group>"; };
		E8CA83B6295BF406009EB626 /* Base */ = {isa = PBXFileReference; lastKnownFileType = file.storyboard; name = Base; path = Base.lproj/Main.storyboard; sourceTree = "<group>"; };
		E8CA83B8295BF407009EB626 /* Assets.xcassets */ = {isa = PBXFileReference; lastKnownFileType = folder.assetcatalog; path = Assets.xcassets; sourceTree = "<group>"; };
		E8CA83BB295BF407009EB626 /* Base */ = {isa = PBXFileReference; lastKnownFileType = file.storyboard; name = Base; path = Base.lproj/LaunchScreen.storyboard; sourceTree = "<group>"; };
		E8CA83BD295BF407009EB626 /* Info.plist */ = {isa = PBXFileReference; lastKnownFileType = text.plist.xml; path = Info.plist; sourceTree = "<group>"; };
		E8CA83BE295BF407009EB626 /* main.m */ = {isa = PBXFileReference; lastKnownFileType = sourcecode.c.objc; path = main.m; sourceTree = "<group>"; };
/* End PBXFileReference section */

/* Begin PBXFrameworksBuildPhase section */
		E8CA83A6295BF406009EB626 /* Frameworks */ = {
			isa = PBXFrameworksBuildPhase;
			buildActionMask = 2147483647;
			files = (
				F5C59C697D626AF67191A301 /* Pods_SingularityObjCSample.framework in Frameworks */,
			);
			runOnlyForDeploymentPostprocessing = 0;
		};
/* End PBXFrameworksBuildPhase section */

/* Begin PBXGroup section */
		6215BCB8D2794B2AF0FD2955 /* Pods */ = {
			isa = PBXGroup;
			children = (
				807594ABD474D47482DC5C69 /* Pods-SingularityObjCSample.debug.xcconfig */,
				CB4993E9314850B6C6F22104 /* Pods-SingularityObjCSample.release.xcconfig */,
			);
			path = Pods;
			sourceTree = "<group>";
		};
		E893D5CB295BFB1B00CAC55C /* Frameworks */ = {
			isa = PBXGroup;
			children = (
				E893D5CC295BFB1B00CAC55C /* SingularityKit.framework */,
				B0CD3A2241BFEDD239F7FD0C /* Pods_SingularityObjCSample.framework */,
			);
			name = Frameworks;
			sourceTree = "<group>";
		};
		E8CA83A0295BF406009EB626 = {
			isa = PBXGroup;
			children = (
				E8CA83AB295BF406009EB626 /* SingularityObjCSample */,
				E8CA83AA295BF406009EB626 /* Products */,
				E893D5CB295BFB1B00CAC55C /* Frameworks */,
				6215BCB8D2794B2AF0FD2955 /* Pods */,
			);
			sourceTree = "<group>";
		};
		E8CA83AA295BF406009EB626 /* Products */ = {
			isa = PBXGroup;
			children = (
				E8CA83A9295BF406009EB626 /* SingularityObjCSample.app */,
			);
			name = Products;
			sourceTree = "<group>";
		};
		E8CA83AB295BF406009EB626 /* SingularityObjCSample */ = {
			isa = PBXGroup;
			children = (
				E8CA83AC295BF406009EB626 /* AppDelegate.h */,
				E8CA83AD295BF406009EB626 /* AppDelegate.m */,
				E8CA83AF295BF406009EB626 /* SceneDelegate.h */,
				E8CA83B0295BF406009EB626 /* SceneDelegate.m */,
				E8CA83B2295BF406009EB626 /* SingularityViewController.h */,
				E8CA83B3295BF406009EB626 /* SingularityViewController.m */,
				E8CA83B5295BF406009EB626 /* Main.storyboard */,
				E8CA83B8295BF407009EB626 /* Assets.xcassets */,
				E8CA83BA295BF407009EB626 /* LaunchScreen.storyboard */,
				E8CA83BD295BF407009EB626 /* Info.plist */,
				E8CA83BE295BF407009EB626 /* main.m */,
			);
			path = SingularityObjCSample;
			sourceTree = "<group>";
		};
/* End PBXGroup section */

/* Begin PBXNativeTarget section */
		E8CA83A8295BF406009EB626 /* SingularityObjCSample */ = {
			isa = PBXNativeTarget;
			buildConfigurationList = E8CA83C2295BF407009EB626 /* Build configuration list for PBXNativeTarget "SingularityObjCSample" */;
			buildPhases = (
				22C6910E7EBD17630BD1B8CC /* [CP] Check Pods Manifest.lock */,
				E8CA83A5295BF406009EB626 /* Sources */,
				E8CA83A6295BF406009EB626 /* Frameworks */,
				E8CA83A7295BF406009EB626 /* Resources */,
				1DABD0CC4F640D86E61454EC /* [CP] Embed Pods Frameworks */,
			);
			buildRules = (
			);
			dependencies = (
			);
			name = SingularityObjCSample;
			productName = SingularityObjCSample;
			productReference = E8CA83A9295BF406009EB626 /* SingularityObjCSample.app */;
			productType = "com.apple.product-type.application";
		};
/* End PBXNativeTarget section */

/* Begin PBXProject section */
		E8CA83A1295BF406009EB626 /* Project object */ = {
			isa = PBXProject;
			attributes = {
				BuildIndependentTargetsInParallel = 1;
				LastUpgradeCheck = 1410;
				TargetAttributes = {
					E8CA83A8295BF406009EB626 = {
						CreatedOnToolsVersion = 14.1;
					};
				};
			};
			buildConfigurationList = E8CA83A4295BF406009EB626 /* Build configuration list for PBXProject "SingularityObjCSample" */;
			compatibilityVersion = "Xcode 14.0";
			developmentRegion = en;
			hasScannedForEncodings = 0;
			knownRegions = (
				en,
				Base,
			);
			mainGroup = E8CA83A0295BF406009EB626;
			productRefGroup = E8CA83AA295BF406009EB626 /* Products */;
			projectDirPath = "";
			projectRoot = "";
			targets = (
				E8CA83A8295BF406009EB626 /* SingularityObjCSample */,
			);
		};
/* End PBXProject section */

/* Begin PBXResourcesBuildPhase section */
		E8CA83A7295BF406009EB626 /* Resources */ = {
			isa = PBXResourcesBuildPhase;
			buildActionMask = 2147483647;
			files = (
				E8CA83BC295BF407009EB626 /* LaunchScreen.storyboard in Resources */,
				E8CA83B9295BF407009EB626 /* Assets.xcassets in Resources */,
				E8CA83B7295BF406009EB626 /* Main.storyboard in Resources */,
			);
			runOnlyForDeploymentPostprocessing = 0;
		};
/* End PBXResourcesBuildPhase section */

/* Begin PBXShellScriptBuildPhase section */
		1DABD0CC4F640D86E61454EC /* [CP] Embed Pods Frameworks */ = {
			isa = PBXShellScriptBuildPhase;
			buildActionMask = 2147483647;
			files = (
			);
			inputFileListPaths = (
				"${PODS_ROOT}/Target Support Files/Pods-SingularityObjCSample/Pods-SingularityObjCSample-frameworks-${CONFIGURATION}-input-files.xcfilelist",
			);
			name = "[CP] Embed Pods Frameworks";
			outputFileListPaths = (
				"${PODS_ROOT}/Target Support Files/Pods-SingularityObjCSample/Pods-SingularityObjCSample-frameworks-${CONFIGURATION}-output-files.xcfilelist",
			);
			runOnlyForDeploymentPostprocessing = 0;
			shellPath = /bin/sh;
			shellScript = "\"${PODS_ROOT}/Target Support Files/Pods-SingularityObjCSample/Pods-SingularityObjCSample-frameworks.sh\"\n";
			showEnvVarsInLog = 0;
		};
		22C6910E7EBD17630BD1B8CC /* [CP] Check Pods Manifest.lock */ = {
			isa = PBXShellScriptBuildPhase;
			buildActionMask = 2147483647;
			files = (
			);
			inputFileListPaths = (
			);
			inputPaths = (
				"${PODS_PODFILE_DIR_PATH}/Podfile.lock",
				"${PODS_ROOT}/Manifest.lock",
			);
			name = "[CP] Check Pods Manifest.lock";
			outputFileListPaths = (
			);
			outputPaths = (
				"$(DERIVED_FILE_DIR)/Pods-SingularityObjCSample-checkManifestLockResult.txt",
			);
			runOnlyForDeploymentPostprocessing = 0;
			shellPath = /bin/sh;
			shellScript = "diff \"${PODS_PODFILE_DIR_PATH}/Podfile.lock\" \"${PODS_ROOT}/Manifest.lock\" > /dev/null\nif [ $? != 0 ] ; then\n    # print error to STDERR\n    echo \"error: The sandbox is not in sync with the Podfile.lock. Run 'pod install' or update your CocoaPods installation.\" >&2\n    exit 1\nfi\n# This output is used by Xcode 'outputs' to avoid re-running this script phase.\necho \"SUCCESS\" > \"${SCRIPT_OUTPUT_FILE_0}\"\n";
			showEnvVarsInLog = 0;
		};
/* End PBXShellScriptBuildPhase section */

/* Begin PBXSourcesBuildPhase section */
		E8CA83A5295BF406009EB626 /* Sources */ = {
			isa = PBXSourcesBuildPhase;
			buildActionMask = 2147483647;
			files = (
				E8CA83B4295BF406009EB626 /* SingularityViewController.m in Sources */,
				E8CA83AE295BF406009EB626 /* AppDelegate.m in Sources */,
				E8CA83BF295BF407009EB626 /* main.m in Sources */,
				E8CA83B1295BF406009EB626 /* SceneDelegate.m in Sources */,
			);
			runOnlyForDeploymentPostprocessing = 0;
		};
/* End PBXSourcesBuildPhase section */

/* Begin PBXVariantGroup section */
		E8CA83B5295BF406009EB626 /* Main.storyboard */ = {
			isa = PBXVariantGroup;
			children = (
				E8CA83B6295BF406009EB626 /* Base */,
			);
			name = Main.storyboard;
			sourceTree = "<group>";
		};
		E8CA83BA295BF407009EB626 /* LaunchScreen.storyboard */ = {
			isa = PBXVariantGroup;
			children = (
				E8CA83BB295BF407009EB626 /* Base */,
			);
			name = LaunchScreen.storyboard;
			sourceTree = "<group>";
		};
/* End PBXVariantGroup section */

/* Begin XCBuildConfiguration section */
		E8CA83C0295BF407009EB626 /* Debug */ = {
			isa = XCBuildConfiguration;
			buildSettings = {
				ALWAYS_SEARCH_USER_PATHS = NO;
				CLANG_ANALYZER_NONNULL = YES;
				CLANG_ANALYZER_NUMBER_OBJECT_CONVERSION = YES_AGGRESSIVE;
				CLANG_CXX_LANGUAGE_STANDARD = "gnu++20";
				CLANG_ENABLE_MODULES = YES;
				CLANG_ENABLE_OBJC_ARC = YES;
				CLANG_ENABLE_OBJC_WEAK = YES;
				CLANG_WARN_BLOCK_CAPTURE_AUTORELEASING = YES;
				CLANG_WARN_BOOL_CONVERSION = YES;
				CLANG_WARN_COMMA = YES;
				CLANG_WARN_CONSTANT_CONVERSION = YES;
				CLANG_WARN_DEPRECATED_OBJC_IMPLEMENTATIONS = YES;
				CLANG_WARN_DIRECT_OBJC_ISA_USAGE = YES_ERROR;
				CLANG_WARN_DOCUMENTATION_COMMENTS = YES;
				CLANG_WARN_EMPTY_BODY = YES;
				CLANG_WARN_ENUM_CONVERSION = YES;
				CLANG_WARN_INFINITE_RECURSION = YES;
				CLANG_WARN_INT_CONVERSION = YES;
				CLANG_WARN_NON_LITERAL_NULL_CONVERSION = YES;
				CLANG_WARN_OBJC_IMPLICIT_RETAIN_SELF = YES;
				CLANG_WARN_OBJC_LITERAL_CONVERSION = YES;
				CLANG_WARN_OBJC_ROOT_CLASS = YES_ERROR;
				CLANG_WARN_QUOTED_INCLUDE_IN_FRAMEWORK_HEADER = YES;
				CLANG_WARN_RANGE_LOOP_ANALYSIS = YES;
				CLANG_WARN_STRICT_PROTOTYPES = YES;
				CLANG_WARN_SUSPICIOUS_MOVE = YES;
				CLANG_WARN_UNGUARDED_AVAILABILITY = YES_AGGRESSIVE;
				CLANG_WARN_UNREACHABLE_CODE = YES;
				CLANG_WARN__DUPLICATE_METHOD_MATCH = YES;
				COPY_PHASE_STRIP = NO;
				DEBUG_INFORMATION_FORMAT = dwarf;
				ENABLE_STRICT_OBJC_MSGSEND = YES;
				ENABLE_TESTABILITY = YES;
				GCC_C_LANGUAGE_STANDARD = gnu11;
				GCC_DYNAMIC_NO_PIC = NO;
				GCC_NO_COMMON_BLOCKS = YES;
				GCC_OPTIMIZATION_LEVEL = 0;
				GCC_PREPROCESSOR_DEFINITIONS = (
					"DEBUG=1",
					"$(inherited)",
				);
				GCC_WARN_64_TO_32_BIT_CONVERSION = YES;
				GCC_WARN_ABOUT_RETURN_TYPE = YES_ERROR;
				GCC_WARN_UNDECLARED_SELECTOR = YES;
				GCC_WARN_UNINITIALIZED_AUTOS = YES_AGGRESSIVE;
				GCC_WARN_UNUSED_FUNCTION = YES;
				GCC_WARN_UNUSED_VARIABLE = YES;
				IPHONEOS_DEPLOYMENT_TARGET = 16.1;
				MTL_ENABLE_DEBUG_INFO = INCLUDE_SOURCE;
				MTL_FAST_MATH = YES;
				ONLY_ACTIVE_ARCH = YES;
				SDKROOT = iphoneos;
			};
			name = Debug;
		};
		E8CA83C1295BF407009EB626 /* Release */ = {
			isa = XCBuildConfiguration;
			buildSettings = {
				ALWAYS_SEARCH_USER_PATHS = NO;
				CLANG_ANALYZER_NONNULL = YES;
				CLANG_ANALYZER_NUMBER_OBJECT_CONVERSION = YES_AGGRESSIVE;
				CLANG_CXX_LANGUAGE_STANDARD = "gnu++20";
				CLANG_ENABLE_MODULES = YES;
				CLANG_ENABLE_OBJC_ARC = YES;
				CLANG_ENABLE_OBJC_WEAK = YES;
				CLANG_WARN_BLOCK_CAPTURE_AUTORELEASING = YES;
				CLANG_WARN_BOOL_CONVERSION = YES;
				CLANG_WARN_COMMA = YES;
				CLANG_WARN_CONSTANT_CONVERSION = YES;
				CLANG_WARN_DEPRECATED_OBJC_IMPLEMENTATIONS = YES;
				CLANG_WARN_DIRECT_OBJC_ISA_USAGE = YES_ERROR;
				CLANG_WARN_DOCUMENTATION_COMMENTS = YES;
				CLANG_WARN_EMPTY_BODY = YES;
				CLANG_WARN_ENUM_CONVERSION = YES;
				CLANG_WARN_INFINITE_RECURSION = YES;
				CLANG_WARN_INT_CONVERSION = YES;
				CLANG_WARN_NON_LITERAL_NULL_CONVERSION = YES;
				CLANG_WARN_OBJC_IMPLICIT_RETAIN_SELF = YES;
				CLANG_WARN_OBJC_LITERAL_CONVERSION = YES;
				CLANG_WARN_OBJC_ROOT_CLASS = YES_ERROR;
				CLANG_WARN_QUOTED_INCLUDE_IN_FRAMEWORK_HEADER = YES;
				CLANG_WARN_RANGE_LOOP_ANALYSIS = YES;
				CLANG_WARN_STRICT_PROTOTYPES = YES;
				CLANG_WARN_SUSPICIOUS_MOVE = YES;
				CLANG_WARN_UNGUARDED_AVAILABILITY = YES_AGGRESSIVE;
				CLANG_WARN_UNREACHABLE_CODE = YES;
				CLANG_WARN__DUPLICATE_METHOD_MATCH = YES;
				COPY_PHASE_STRIP = NO;
				DEBUG_INFORMATION_FORMAT = "dwarf-with-dsym";
				ENABLE_NS_ASSERTIONS = NO;
				ENABLE_STRICT_OBJC_MSGSEND = YES;
				GCC_C_LANGUAGE_STANDARD = gnu11;
				GCC_NO_COMMON_BLOCKS = YES;
				GCC_WARN_64_TO_32_BIT_CONVERSION = YES;
				GCC_WARN_ABOUT_RETURN_TYPE = YES_ERROR;
				GCC_WARN_UNDECLARED_SELECTOR = YES;
				GCC_WARN_UNINITIALIZED_AUTOS = YES_AGGRESSIVE;
				GCC_WARN_UNUSED_FUNCTION = YES;
				GCC_WARN_UNUSED_VARIABLE = YES;
				IPHONEOS_DEPLOYMENT_TARGET = 16.1;
				MTL_ENABLE_DEBUG_INFO = NO;
				MTL_FAST_MATH = YES;
				SDKROOT = iphoneos;
				VALIDATE_PRODUCT = YES;
			};
			name = Release;
		};
		E8CA83C3295BF407009EB626 /* Debug */ = {
			isa = XCBuildConfiguration;
			baseConfigurationReference = 807594ABD474D47482DC5C69 /* Pods-SingularityObjCSample.debug.xcconfig */;
			buildSettings = {
				ASSETCATALOG_COMPILER_APPICON_NAME = AppIcon;
				ASSETCATALOG_COMPILER_GLOBAL_ACCENT_COLOR_NAME = AccentColor;
				CODE_SIGN_STYLE = Automatic;
				CURRENT_PROJECT_VERSION = 1;
				GENERATE_INFOPLIST_FILE = YES;
				INFOPLIST_FILE = SingularityObjCSample/Info.plist;
				INFOPLIST_KEY_UIApplicationSupportsIndirectInputEvents = YES;
				INFOPLIST_KEY_UILaunchStoryboardName = LaunchScreen;
				INFOPLIST_KEY_UIMainStoryboardFile = Main;
				INFOPLIST_KEY_UISupportedInterfaceOrientations_iPad = "UIInterfaceOrientationPortrait UIInterfaceOrientationPortraitUpsideDown UIInterfaceOrientationLandscapeLeft UIInterfaceOrientationLandscapeRight";
				INFOPLIST_KEY_UISupportedInterfaceOrientations_iPhone = "UIInterfaceOrientationPortrait UIInterfaceOrientationLandscapeLeft UIInterfaceOrientationLandscapeRight";
				LD_RUNPATH_SEARCH_PATHS = (
					"$(inherited)",
					"@executable_path/Frameworks",
				);
				MARKETING_VERSION = 1.0;
				PRODUCT_BUNDLE_IDENTIFIER = neobrix.SingularityObjCSample;
				PRODUCT_NAME = "$(TARGET_NAME)";
				SWIFT_EMIT_LOC_STRINGS = YES;
				TARGETED_DEVICE_FAMILY = "1,2";
			};
			name = Debug;
		};
		E8CA83C4295BF407009EB626 /* Release */ = {
			isa = XCBuildConfiguration;
			baseConfigurationReference = CB4993E9314850B6C6F22104 /* Pods-SingularityObjCSample.release.xcconfig */;
			buildSettings = {
				ASSETCATALOG_COMPILER_APPICON_NAME = AppIcon;
				ASSETCATALOG_COMPILER_GLOBAL_ACCENT_COLOR_NAME = AccentColor;
				CODE_SIGN_STYLE = Automatic;
				CURRENT_PROJECT_VERSION = 1;
				GENERATE_INFOPLIST_FILE = YES;
				INFOPLIST_FILE = SingularityObjCSample/Info.plist;
				INFOPLIST_KEY_UIApplicationSupportsIndirectInputEvents = YES;
				INFOPLIST_KEY_UILaunchStoryboardName = LaunchScreen;
				INFOPLIST_KEY_UIMainStoryboardFile = Main;
				INFOPLIST_KEY_UISupportedInterfaceOrientations_iPad = "UIInterfaceOrientationPortrait UIInterfaceOrientationPortraitUpsideDown UIInterfaceOrientationLandscapeLeft UIInterfaceOrientationLandscapeRight";
				INFOPLIST_KEY_UISupportedInterfaceOrientations_iPhone = "UIInterfaceOrientationPortrait UIInterfaceOrientationLandscapeLeft UIInterfaceOrientationLandscapeRight";
				LD_RUNPATH_SEARCH_PATHS = (
					"$(inherited)",
					"@executable_path/Frameworks",
				);
				MARKETING_VERSION = 1.0;
				PRODUCT_BUNDLE_IDENTIFIER = neobrix.SingularityObjCSample;
				PRODUCT_NAME = "$(TARGET_NAME)";
				SWIFT_EMIT_LOC_STRINGS = YES;
				TARGETED_DEVICE_FAMILY = "1,2";
			};
			name = Release;
		};
/* End XCBuildConfiguration section */

/* Begin XCConfigurationList section */
		E8CA83A4295BF406009EB626 /* Build configuration list for PBXProject "SingularityObjCSample" */ = {
			isa = XCConfigurationList;
			buildConfigurations = (
				E8CA83C0295BF407009EB626 /* Debug */,
				E8CA83C1295BF407009EB626 /* Release */,
			);
			defaultConfigurationIsVisible = 0;
			defaultConfigurationName = Release;
		};
		E8CA83C2295BF407009EB626 /* Build configuration list for PBXNativeTarget "SingularityObjCSample" */ = {
			isa = XCConfigurationList;
			buildConfigurations = (
				E8CA83C3295BF407009EB626 /* Debug */,
				E8CA83C4295BF407009EB626 /* Release */,
			);
			defaultConfigurationIsVisible = 0;
			defaultConfigurationName = Release;
		};
/* End XCConfigurationList section */
	};
	rootObject = E8CA83A1295BF406009EB626 /* Project object */;
}
